
Microsoft Visual Studio Solution File, Format Version 12.00
# Visual Studio Version 16
VisualStudioVersion = 16.0.30320.27
MinimumVisualStudioVersion = 10.0.40219.1
Project("{8BC9CEB8-8B4A-11D0-8D11-00A0C91BC942}") = "WMCPLib", "WMCPLib.vcxproj", "{13468CE7-463E-42A3-A6C9-6B8C6A6937FE}"
EndProject
Global
	GlobalSection(SolutionConfigurationPlatforms) = preSolution
		Debug|x64 = Debug|x64
		Debug|x86 = Debug|x86
		Release|x64 = Release|x64
		Release|x86 = Release|x86
	EndGlobalSection
	GlobalSection(ProjectConfigurationPlatforms) = postSolution
		{13468CE7-463E-42A3-A6C9-6B8C6A6937FE}.Debug|x64.ActiveCfg = Debug|x64
		{13468CE7-463E-42A3-A6C9-6B8C6A6937FE}.Debug|x64.Build.0 = Debug|x64
		{13468CE7-463E-42A3-A6C9-6B8C6A6937FE}.Debug|x86.ActiveCfg = Debug|Win32
		{13468CE7-463E-42A3-A6C9-6B8C6A6937FE}.Debug|x86.Build.0 = Debug|Win32
		{13468CE7-463E-42A3-A6C9-6B8C6A6937FE}.Release|x64.ActiveCfg = Release|x64
		{13468CE7-463E-42A3-A6C9-6B8C6A6937FE}.Release|x64.Build.0 = Release|x64
		{13468CE7-463E-42A3-A6C9-6B8C6A6937FE}.Release|x86.ActiveCfg = Release|Win32
		{13468CE7-463E-42A3-A6C9-6B8C6A6937FE}.Release|x86.Build.0 = Release|Win32
	EndGlobalSection
	GlobalSection(SolutionProperties) = preSolution
		HideSolutionNode = FALSE
	EndGlobalSection
	GlobalSection(ExtensibilityGlobals) = postSolution
		SolutionGuid = {7D02D5EC-6DF0-43C6-A1D0-A27674CEE5FF}
	EndGlobalSection
EndGlobal
